
Microsoft Visual Studio Solution File, Format Version 12.00
# Visual Studio 15
VisualStudioVersion = 15.0.26730.10
MinimumVisualStudioVersion = 10.0.40219.1
Project("{FAE04EC0-301F-11D3-BF4B-00C04F79EFBC}") = "signalrmessage", "signalrmessage\signalrmessage.csproj", "{1738BFC0-9AB0-4776-BDD5-5EAF84052ABD}"
EndProject
Global
	GlobalSection(SolutionConfigurationPlatforms) = preSolution
		Debug|Any CPU = Debug|Any CPU
		Release|Any CPU = Release|Any CPU
	EndGlobalSection
	GlobalSection(ProjectConfigurationPlatforms) = postSolution
		{1738BFC0-9AB0-4776-BDD5-5EAF84052ABD}.Debug|Any CPU.ActiveCfg = Debug|Any CPU
		{1738BFC0-9AB0-4776-BDD5-5EAF84052ABD}.Debug|Any CPU.Build.0 = Debug|Any CPU
		{1738BFC0-9AB0-4776-BDD5-5EAF84052ABD}.Release|Any CPU.ActiveCfg = Release|Any CPU
		{1738BFC0-9AB0-4776-BDD5-5EAF84052ABD}.Release|Any CPU.Build.0 = Release|Any CPU
	EndGlobalSection
	GlobalSection(SolutionProperties) = preSolution
		HideSolutionNode = FALSE
	EndGlobalSection
	GlobalSection(ExtensibilityGlobals) = postSolution
		SolutionGuid = {BCCD2126-2799-40E6-9D1B-99AEA1D1B888}
	EndGlobalSection
EndGlobal
